{
  "version": 4,
  "terraform_version": "1.14.8",
  "serial": 6,
  "lineage": "44e08465-aa1c-7e32-0e56-61cdf0075385",
  "outputs": {},
  "resources": [
    {
      "mode": "managed",
      "type": "azurerm_container_registry",
      "name": "acr",
      "provider": "provider[\"registry.terraform.io/hashicorp/azurerm\"]",
      "instances": [
        {
          "schema_version": 2,
          "attributes": {
            "admin_enabled": true,
            "admin_password": "50Ar0uPsWy7XIhUOVFindfMcMdBFiVLnEzgA75UzlCVumia1ug6wJQQJ99CDACqBBLyEqg7NAAACAZCRjjsk",
            "admin_username": "medicalbillingacrpranaav",
            "anonymous_pull_enabled": false,
            "data_endpoint_enabled": false,
            "data_endpoint_host_names": [],
            "encryption": [],
            "export_policy_enabled": true,
            "georeplications": [],
            "id": "/subscriptions/1d123dc5-7171-494b-9e0e-6fda2f953604/resourceGroups/medical-rg/providers/Microsoft.ContainerRegistry/registries/medicalbillingacrpranaav",
            "identity": [],
            "location": "southeastasia",
            "login_server": "medicalbillingacrpranaav.azurecr.io",
            "name": "medicalbillingacrpranaav",
            "network_rule_bypass_option": "AzureServices",
            "network_rule_set": [],
            "public_network_access_enabled": true,
            "quarantine_policy_enabled": false,
            "resource_group_name": "medical-rg",
            "retention_policy_in_days": 0,
            "sku": "Basic",
            "tags": {},
            "timeouts": null,
            "trust_policy_enabled": false,
            "zone_redundancy_enabled": false
          },
          "sensitive_attributes": [
            [
              {
                "type": "get_attr",
                "value": "admin_password"
              }
            ]
          ],
          "identity_schema_version": 0,
          "private": "eyJlMmJmYjczMC1lY2FhLTExZTYtOGY4OC0zNDM2M2JjN2M0YzAiOnsiY3JlYXRlIjoxODAwMDAwMDAwMDAwLCJkZWxldGUiOjE4MDAwMDAwMDAwMDAsInJlYWQiOjMwMDAwMDAwMDAwMCwidXBkYXRlIjoxODAwMDAwMDAwMDAwfSwic2NoZW1hX3ZlcnNpb24iOiIyIn0=",
          "dependencies": [
            "azurerm_resource_group.rg"
          ]
        }
      ]
    },
    {
      "mode": "managed",
      "type": "azurerm_linux_web_app",
      "name": "backend",
      "provider": "provider[\"registry.terraform.io/hashicorp/azurerm\"]",
      "instances": [
        {
          "schema_version": 1,
          "attributes": {
            "app_settings": {
              "WEBSITES_PORT": "8080"
            },
            "auth_settings": [
              {
                "active_directory": [],
                "additional_login_parameters": {},
                "allowed_external_redirect_urls": [],
                "default_provider": "",
                "enabled": false,
                "facebook": [],
                "github": [],
                "google": [],
                "issuer": "",
                "microsoft": [],
                "runtime_version": "",
                "token_refresh_extension_hours": 0,
                "token_store_enabled": false,
                "twitter": [],
                "unauthenticated_client_action": ""
              }
            ],
            "auth_settings_v2": [],
            "backup": [],
            "client_affinity_enabled": false,
            "client_certificate_enabled": false,
            "client_certificate_exclusion_paths": "",
            "client_certificate_mode": "Required",
            "connection_string": [],
            "custom_domain_verification_id": "E3BEF1A0D52264A6A0625872DBE53A3946D7CE930421BFA8ECFADB31D1661845",
            "default_hostname": "medical-backend-app-pranaav.azurewebsites.net",
            "enabled": true,
            "ftp_publish_basic_authentication_enabled": true,
            "hosting_environment_id": "",
            "https_only": false,
            "id": "/subscriptions/1d123dc5-7171-494b-9e0e-6fda2f953604/resourceGroups/medical-rg/providers/Microsoft.Web/sites/medical-backend-app-pranaav",
            "identity": [],
            "key_vault_reference_identity_id": "SystemAssigned",
            "kind": "app,linux,container",
            "location": "southeastasia",
            "logs": [],
            "name": "medical-backend-app-pranaav",
            "outbound_ip_address_list": [
              "20.205.241.35",
              "20.205.241.53",
              "20.205.241.58",
              "20.205.241.81",
              "20.205.241.114",
              "20.198.191.118",
              "20.44.210.190",
              "20.198.128.32",
              "20.198.184.108",
              "20.198.186.124",
              "20.198.189.158",
              "20.198.190.32",
              "20.212.64.16"
            ],
            "outbound_ip_addresses": "20.205.241.35,20.205.241.53,20.205.241.58,20.205.241.81,20.205.241.114,20.198.191.118,20.44.210.190,20.198.128.32,20.198.184.108,20.198.186.124,20.198.189.158,20.198.190.32,20.212.64.16",
            "possible_outbound_ip_address_list": [
              "20.205.241.35",
              "20.205.241.53",
              "20.205.241.58",
              "20.205.241.81",
              "20.205.241.114",
              "20.198.191.118",
              "20.44.210.190",
              "20.198.128.32",
              "20.198.184.108",
              "20.198.186.124",
              "20.198.189.158",
              "20.198.190.32",
              "20.198.190.127",
              "20.198.190.155",
              "20.198.190.178",
              "20.198.191.7",
              "20.198.191.9",
              "20.198.191.23",
              "20.198.191.30",
              "20.198.191.224",
              "20.205.240.50",
              "20.205.240.61",
              "20.205.240.253",
              "20.205.241.1",
              "20.205.241.129",
              "20.205.241.153",
              "20.205.241.155",
              "20.205.241.166",
              "20.205.241.173",
              "20.205.241.178",
              "20.212.64.16"
            ],
            "possible_outbound_ip_addresses": "20.205.241.35,20.205.241.53,20.205.241.58,20.205.241.81,20.205.241.114,20.198.191.118,20.44.210.190,20.198.128.32,20.198.184.108,20.198.186.124,20.198.189.158,20.198.190.32,20.198.190.127,20.198.190.155,20.198.190.178,20.198.191.7,20.198.191.9,20.198.191.23,20.198.191.30,20.198.191.224,20.205.240.50,20.205.240.61,20.205.240.253,20.205.241.1,20.205.241.129,20.205.241.153,20.205.241.155,20.205.241.166,20.205.241.173,20.205.241.178,20.212.64.16",
            "public_network_access_enabled": true,
            "resource_group_name": "medical-rg",
            "service_plan_id": "/subscriptions/1d123dc5-7171-494b-9e0e-6fda2f953604/resourceGroups/medical-rg/providers/Microsoft.Web/serverFarms/medical-plan",
            "site_config": [
              {
                "always_on": true,
                "api_definition_url": "",
                "api_management_api_id": "",
                "app_command_line": "",
                "application_stack": [
                  {
                    "docker_image_name": "medicalbillingacrpranaav.azurecr.io/medical-backend:latest",
                    "docker_registry_password": "50Ar0uPsWy7XIhUOVFindfMcMdBFiVLnEzgA75UzlCVumia1ug6wJQQJ99CDACqBBLyEqg7NAAACAZCRjjsk",
                    "docker_registry_url": "https://medicalbillingacrpranaav.azurecr.io",
                    "docker_registry_username": "medicalbillingacrpranaav",
                    "dotnet_version": "",
                    "go_version": "",
                    "java_server": "",
                    "java_server_version": "",
                    "java_version": "",
                    "node_version": "",
                    "php_version": "",
                    "python_version": "",
                    "ruby_version": ""
                  }
                ],
                "auto_heal_setting": [],
                "container_registry_managed_identity_client_id": "",
                "container_registry_use_managed_identity": false,
                "cors": [],
                "default_documents": [
                  "Default.htm",
                  "Default.html",
                  "Default.asp",
                  "index.htm",
                  "index.html",
                  "iisstart.htm",
                  "default.aspx",
                  "index.php",
                  "hostingstart.html"
                ],
                "detailed_error_logging_enabled": false,
                "ftps_state": "Disabled",
                "health_check_eviction_time_in_min": 0,
                "health_check_path": "",
                "http2_enabled": false,
                "ip_restriction": [],
                "ip_restriction_default_action": "Allow",
                "linux_fx_version": "DOCKER|medicalbillingacrpranaav.azurecr.io/medicalbillingacrpranaav.azurecr.io/medical-backend:latest",
                "load_balancing_mode": "LeastRequests",
                "local_mysql_enabled": false,
                "managed_pipeline_mode": "Integrated",
                "minimum_tls_version": "1.2",
                "remote_debugging_enabled": false,
                "remote_debugging_version": "VS2022",
                "scm_ip_restriction": [],
                "scm_ip_restriction_default_action": "Allow",
                "scm_minimum_tls_version": "1.2",
                "scm_type": "None",
                "scm_use_main_ip_restriction": false,
                "use_32_bit_worker": true,
                "vnet_route_all_enabled": false,
                "websockets_enabled": false,
                "worker_count": 1
              }
            ],
            "site_credential": [
              {
                "name": "$medical-backend-app-pranaav",
                "password": "E89Cq44ZyN44JJEnRefm1ewjZTqQPruQF7FzGwmuMJ4gF5wNWPZridYurtxJ"
              }
            ],
            "sticky_settings": [],
            "storage_account": [],
            "tags": null,
            "timeouts": null,
            "virtual_network_backup_restore_enabled": false,
            "virtual_network_subnet_id": "",
            "vnet_image_pull_enabled": false,
            "webdeploy_publish_basic_authentication_enabled": true,
            "zip_deploy_file": ""
          },
          "sensitive_attributes": [
            [
              {
                "type": "get_attr",
                "value": "custom_domain_verification_id"
              }
            ],
            [
              {
                "type": "get_attr",
                "value": "site_config"
              },
              {
                "type": "index",
                "value": {
                  "value": 0,
                  "type": "number"
                }
              },
              {
                "type": "get_attr",
                "value": "application_stack"
              },
              {
                "type": "index",
                "value": {
                  "value": 0,
                  "type": "number"
                }
              },
              {
                "type": "get_attr",
                "value": "docker_registry_password"
              }
            ],
            [
              {
                "type": "get_attr",
                "value": "site_credential"
              }
            ]
          ],
          "identity_schema_version": 0,
          "private": "eyJlMmJmYjczMC1lY2FhLTExZTYtOGY4OC0zNDM2M2JjN2M0YzAiOnsiY3JlYXRlIjoxODAwMDAwMDAwMDAwLCJkZWxldGUiOjE4MDAwMDAwMDAwMDAsInJlYWQiOjMwMDAwMDAwMDAwMCwidXBkYXRlIjoxODAwMDAwMDAwMDAwfSwic2NoZW1hX3ZlcnNpb24iOiIxIn0=",
          "dependencies": [
            "azurerm_container_registry.acr",
            "azurerm_resource_group.rg",
            "azurerm_service_plan.plan"
          ]
        }
      ]
    },
    {
      "mode": "managed",
      "type": "azurerm_resource_group",
      "name": "rg",
      "provider": "provider[\"registry.terraform.io/hashicorp/azurerm\"]",
      "instances": [
        {
          "schema_version": 0,
          "attributes": {
            "id": "/subscriptions/1d123dc5-7171-494b-9e0e-6fda2f953604/resourceGroups/medical-rg",
            "location": "southeastasia",
            "managed_by": "",
            "name": "medical-rg",
            "tags": {},
            "timeouts": null
          },
          "sensitive_attributes": [],
          "identity_schema_version": 0,
          "identity": {
            "name": "medical-rg",
            "subscription_id": "1d123dc5-7171-494b-9e0e-6fda2f953604"
          },
          "private": "eyJlMmJmYjczMC1lY2FhLTExZTYtOGY4OC0zNDM2M2JjN2M0YzAiOnsiY3JlYXRlIjo1NDAwMDAwMDAwMDAwLCJkZWxldGUiOjU0MDAwMDAwMDAwMDAsInJlYWQiOjMwMDAwMDAwMDAwMCwidXBkYXRlIjo1NDAwMDAwMDAwMDAwfX0="
        }
      ]
    },
    {
      "mode": "managed",
      "type": "azurerm_service_plan",
      "name": "plan",
      "provider": "provider[\"registry.terraform.io/hashicorp/azurerm\"]",
      "instances": [
        {
          "schema_version": 1,
          "attributes": {
            "app_service_environment_id": "",
            "id": "/subscriptions/1d123dc5-7171-494b-9e0e-6fda2f953604/resourceGroups/medical-rg/providers/Microsoft.Web/serverFarms/medical-plan",
            "kind": "linux",
            "location": "southeastasia",
            "maximum_elastic_worker_count": 1,
            "name": "medical-plan",
            "os_type": "Linux",
            "per_site_scaling_enabled": false,
            "premium_plan_auto_scale_enabled": false,
            "reserved": true,
            "resource_group_name": "medical-rg",
            "sku_name": "B1",
            "tags": {},
            "timeouts": null,
            "worker_count": 1,
            "zone_balancing_enabled": false
          },
          "sensitive_attributes": [],
          "identity_schema_version": 0,
          "identity": {
            "name": "medical-plan",
            "resource_group_name": "medical-rg",
            "subscription_id": "1d123dc5-7171-494b-9e0e-6fda2f953604"
          },
          "private": "eyJlMmJmYjczMC1lY2FhLTExZTYtOGY4OC0zNDM2M2JjN2M0YzAiOnsiY3JlYXRlIjozNjAwMDAwMDAwMDAwLCJkZWxldGUiOjM2MDAwMDAwMDAwMDAsInJlYWQiOjMwMDAwMDAwMDAwMCwidXBkYXRlIjozNjAwMDAwMDAwMDAwfSwic2NoZW1hX3ZlcnNpb24iOiIxIn0=",
          "dependencies": [
            "azurerm_resource_group.rg"
          ]
        }
      ]
    }
  ],
  "check_results": null
}
